<?xml version="1.0" encoding="utf-8"?>
<Project ToolsVersion="4.0" xmlns="http://schemas.microsoft.com/developer/msbuild/2003">
  <ItemGroup>
    <Filter Include="Source Files">
      <UniqueIdentifier>{4FC737F1-C7A5-4376-A066-2A32D752A2FF}</UniqueIdentifier>
      <Extensions>cpp;c;cxx;def;odl;idl;hpj;bat;asm;asmx</Extensions>
    </Filter>
    <Filter Include="Source Files\Sound">
      <UniqueIdentifier>{67ce1399-bc8d-4d84-aaf8-050e88f043f0}</UniqueIdentifier>
    </Filter>
    <Filter Include="Source Files\Renderer">
      <UniqueIdentifier>{27d3016c-9a80-4eaf-af21-8399c1f47715}</UniqueIdentifier>
    </Filter>
    <Filter Include="Source Files\Client">
      <UniqueIdentifier>{c90b9adf-6cb3-4a81-80c1-da3f8d0e4361}</UniqueIdentifier>
    </Filter>
    <Filter Include="Source Files\Interface">
      <UniqueIdentifier>{80e1bdd9-5e21-488f-88d5-a69b2574b122}</UniqueIdentifier>
    </Filter>
    <Filter Include="Source Files\Net">
      <UniqueIdentifier>{76e61166-f325-448d-97b7-7e59ef7e0053}</UniqueIdentifier>
    </Filter>
    <Filter Include="Source Files\VM">
      <UniqueIdentifier>{1d98da0d-89d5-4590-89d0-31a80508ae78}</UniqueIdentifier>
    </Filter>
    <Filter Include="Source Files\Server">
      <UniqueIdentifier>{db1b3872-5ac1-489b-8d25-bcf418a1d7d4}</UniqueIdentifier>
    </Filter>
    <Filter Include="Source Files\Common">
      <UniqueIdentifier>{ea836d91-11e8-4d5c-9c8a-30bdaf6f3421}</UniqueIdentifier>
    </Filter>
    <Filter Include="Header Files">
      <UniqueIdentifier>{93995380-89BD-4b04-88EB-625FBE52EBFB}</UniqueIdentifier>
      <Extensions>h;hpp;hxx;hm;inl;inc;xsd</Extensions>
    </Filter>
    <Filter Include="Resource Files">
      <UniqueIdentifier>{67DA6AB6-F800-4c08-8B7A-83BB121AAD01}</UniqueIdentifier>
      <Extensions>rc;ico;cur;bmp;dlg;rc2;rct;bin;rgs;gif;jpg;jpeg;jpe;resx</Extensions>
    </Filter>
    <Filter Include="Shaders">
      <UniqueIdentifier>{30f1fbb0-1cb0-404f-a430-4df1f3a01afb}</UniqueIdentifier>
    </Filter>
  </ItemGroup>
  <ItemGroup>
    <ClCompile Include="cd_win.cpp">
      <Filter>Source Files\Sound</Filter>
    </ClCompile>
    <ClCompile Include="dshow_mp3.cpp">
      <Filter>Source Files\Sound</Filter>
    </ClCompile>
    <ClCompile Include="snd_dma.cpp">
      <Filter>Source Files\Sound</Filter>
    </ClCompile>
    <ClCompile Include="snd_mem.cpp">
      <Filter>Source Files\Sound</Filter>
    </ClCompile>
    <ClCompile Include="snd_mix.cpp">
      <Filter>Source Files\Sound</Filter>
    </ClCompile>
    <ClCompile Include="snd_win.cpp">
      <Filter>Source Files\Sound</Filter>
    </ClCompile>
    <ClCompile Include="d3d_alias.cpp">
      <Filter>Source Files\Renderer</Filter>
    </ClCompile>
    <ClCompile Include="d3d_alpha.cpp">
      <Filter>Source Files\Renderer</Filter>
    </ClCompile>
    <ClCompile Include="d3d_draw.cpp">
      <Filter>Source Files\Renderer</Filter>
    </ClCompile>
    <ClCompile Include="d3d_fog.cpp">
      <Filter>Source Files\Renderer</Filter>
    </ClCompile>
    <ClCompile Include="d3d_hlsl.cpp">
      <Filter>Source Files\Renderer</Filter>
    </ClCompile>
    <ClCompile Include="d3d_image.cpp">
      <Filter>Source Files\Renderer</Filter>
    </ClCompile>
    <ClCompile Include="d3d_iqm.cpp">
      <Filter>Source Files\Renderer</Filter>
    </ClCompile>
    <ClCompile Include="d3d_light.cpp">
      <Filter>Source Files\Renderer</Filter>
    </ClCompile>
    <ClCompile Include="d3d_main.cpp">
      <Filter>Source Files\Renderer</Filter>
    </ClCompile>
    <ClCompile Include="d3d_matrix.cpp">
      <Filter>Source Files\Renderer</Filter>
    </ClCompile>
    <ClCompile Include="d3d_misc.cpp">
      <Filter>Source Files\Renderer</Filter>
    </ClCompile>
    <ClCompile Include="d3d_model.cpp">
      <Filter>Source Files\Renderer</Filter>
    </ClCompile>
    <ClCompile Include="d3d_part.cpp">
      <Filter>Source Files\Renderer</Filter>
    </ClCompile>
    <ClCompile Include="d3d_rtt.cpp">
      <Filter>Source Files\Renderer</Filter>
    </ClCompile>
    <ClCompile Include="d3d_screen.cpp">
      <Filter>Source Files\Renderer</Filter>
    </ClCompile>
    <ClCompile Include="d3d_sky.cpp">
      <Filter>Source Files\Renderer</Filter>
    </ClCompile>
    <ClCompile Include="d3d_sprite.cpp">
      <Filter>Source Files\Renderer</Filter>
    </ClCompile>
    <ClCompile Include="d3d_state.cpp">
      <Filter>Source Files\Renderer</Filter>
    </ClCompile>
    <ClCompile Include="d3d_surf.cpp">
      <Filter>Source Files\Renderer</Filter>
    </ClCompile>
    <ClCompile Include="d3d_texture.cpp">
      <Filter>Source Files\Renderer</Filter>
    </ClCompile>
    <ClCompile Include="d3d_warp.cpp">
      <Filter>Source Files\Renderer</Filter>
    </ClCompile>
    <ClCompile Include="mod_alias.cpp">
      <Filter>Source Files\Renderer</Filter>
    </ClCompile>
    <ClCompile Include="mod_brush.cpp">
      <Filter>Source Files\Renderer</Filter>
    </ClCompile>
    <ClCompile Include="noise.cpp">
      <Filter>Source Files\Renderer</Filter>
    </ClCompile>
    <ClCompile Include="vid_cmds.cpp">
      <Filter>Source Files\Renderer</Filter>
    </ClCompile>
    <ClCompile Include="vid_d3d.cpp">
      <Filter>Source Files\Renderer</Filter>
    </ClCompile>
    <ClCompile Include="vid_menu.cpp">
      <Filter>Source Files\Renderer</Filter>
    </ClCompile>
    <ClCompile Include="wad.cpp">
      <Filter>Source Files\Renderer</Filter>
    </ClCompile>
    <ClCompile Include="chase.cpp">
      <Filter>Source Files\Client</Filter>
    </ClCompile>
    <ClCompile Include="cl_demo.cpp">
      <Filter>Source Files\Client</Filter>
    </ClCompile>
    <ClCompile Include="cl_efrag.cpp">
      <Filter>Source Files\Client</Filter>
    </ClCompile>
    <ClCompile Include="cl_fx.cpp">
      <Filter>Source Files\Client</Filter>
    </ClCompile>
    <ClCompile Include="cl_input.cpp">
      <Filter>Source Files\Client</Filter>
    </ClCompile>
    <ClCompile Include="cl_main.cpp">
      <Filter>Source Files\Client</Filter>
    </ClCompile>
    <ClCompile Include="cl_parse.cpp">
      <Filter>Source Files\Client</Filter>
    </ClCompile>
    <ClCompile Include="cl_particles.cpp">
      <Filter>Source Files\Client</Filter>
    </ClCompile>
    <ClCompile Include="cl_view.cpp">
      <Filter>Source Files\Client</Filter>
    </ClCompile>
    <ClCompile Include="cl_webdownload.cpp">
      <Filter>Source Files\Client</Filter>
    </ClCompile>
    <ClCompile Include="cmd.cpp">
      <Filter>Source Files\Interface</Filter>
    </ClCompile>
    <ClCompile Include="console.cpp">
      <Filter>Source Files\Interface</Filter>
    </ClCompile>
    <ClCompile Include="cvar.cpp">
      <Filter>Source Files\Interface</Filter>
    </ClCompile>
    <ClCompile Include="hud.cpp">
      <Filter>Source Files\Interface</Filter>
    </ClCompile>
    <ClCompile Include="in_360.cpp">
      <Filter>Source Files\Interface</Filter>
    </ClCompile>
    <ClCompile Include="in_joy.cpp">
      <Filter>Source Files\Interface</Filter>
    </ClCompile>
    <ClCompile Include="in_win.cpp">
      <Filter>Source Files\Interface</Filter>
    </ClCompile>
    <ClCompile Include="keys.cpp">
      <Filter>Source Files\Interface</Filter>
    </ClCompile>
    <ClCompile Include="location.cpp">
      <Filter>Source Files\Interface</Filter>
    </ClCompile>
    <ClCompile Include="menu_common.cpp">
      <Filter>Source Files\Interface</Filter>
    </ClCompile>
    <ClCompile Include="menu_multiplayer.cpp">
      <Filter>Source Files\Interface</Filter>
    </ClCompile>
    <ClCompile Include="menu_other.cpp">
      <Filter>Source Files\Interface</Filter>
    </ClCompile>
    <ClCompile Include="menu_singleplayer.cpp">
      <Filter>Source Files\Interface</Filter>
    </ClCompile>
    <ClCompile Include="iplog.cpp">
      <Filter>Source Files\Net</Filter>
    </ClCompile>
    <ClCompile Include="net_dgrm.cpp">
      <Filter>Source Files\Net</Filter>
    </ClCompile>
    <ClCompile Include="net_loop.cpp">
      <Filter>Source Files\Net</Filter>
    </ClCompile>
    <ClCompile Include="net_main.cpp">
      <Filter>Source Files\Net</Filter>
    </ClCompile>
    <ClCompile Include="net_wins.cpp">
      <Filter>Source Files\Net</Filter>
    </ClCompile>
    <ClCompile Include="pr_class.cpp">
      <Filter>Source Files\VM</Filter>
    </ClCompile>
    <ClCompile Include="pr_cmds.cpp">
      <Filter>Source Files\VM</Filter>
    </ClCompile>
    <ClCompile Include="pr_edict.cpp">
      <Filter>Source Files\VM</Filter>
    </ClCompile>
    <ClCompile Include="sv_main.cpp">
      <Filter>Source Files\Server</Filter>
    </ClCompile>
    <ClCompile Include="sv_move.cpp">
      <Filter>Source Files\Server</Filter>
    </ClCompile>
    <ClCompile Include="sv_phys.cpp">
      <Filter>Source Files\Server</Filter>
    </ClCompile>
    <ClCompile Include="sv_user.cpp">
      <Filter>Source Files\Server</Filter>
    </ClCompile>
    <ClCompile Include="sv_world.cpp">
      <Filter>Source Files\Server</Filter>
    </ClCompile>
    <ClCompile Include="classinit.cpp">
      <Filter>Source Files\Common</Filter>
    </ClCompile>
    <ClCompile Include="com_common.cpp">
      <Filter>Source Files\Common</Filter>
    </ClCompile>
    <ClCompile Include="com_filesystem.cpp">
      <Filter>Source Files\Common</Filter>
    </ClCompile>
    <ClCompile Include="com_game.cpp">
      <Filter>Source Files\Common</Filter>
    </ClCompile>
    <ClCompile Include="com_messaging.cpp">
      <Filter>Source Files\Common</Filter>
    </ClCompile>
    <ClCompile Include="com_newfilesystem.cpp">
      <Filter>Source Files\Common</Filter>
    </ClCompile>
    <ClCompile Include="crash.cpp">
      <Filter>Source Files\Common</Filter>
    </ClCompile>
    <ClCompile Include="crc.cpp">
      <Filter>Source Files\Common</Filter>
    </ClCompile>
    <ClCompile Include="heap.cpp">
      <Filter>Source Files\Common</Filter>
    </ClCompile>
    <ClCompile Include="host.cpp">
      <Filter>Source Files\Common</Filter>
    </ClCompile>
    <ClCompile Include="host_cmd.cpp">
      <Filter>Source Files\Common</Filter>
    </ClCompile>
    <ClCompile Include="mathlib.cpp">
      <Filter>Source Files\Common</Filter>
    </ClCompile>
    <ClCompile Include="md5.c">
      <Filter>Source Files\Common</Filter>
    </ClCompile>
    <ClCompile Include="nehahra.cpp">
      <Filter>Source Files\Common</Filter>
    </ClCompile>
    <ClCompile Include="sys_win.cpp">
      <Filter>Source Files\Common</Filter>
    </ClCompile>
    <ClCompile Include="unzip.c">
      <Filter>Source Files\Common</Filter>
    </ClCompile>
  </ItemGroup>
  <ItemGroup>
    <ClInclude Include="bspfile.h">
      <Filter>Header Files</Filter>
    </ClInclude>
    <ClInclude Include="cdaudio.h">
      <Filter>Header Files</Filter>
    </ClInclude>
    <ClInclude Include="cl_fx.h">
      <Filter>Header Files</Filter>
    </ClInclude>
    <ClInclude Include="client.h">
      <Filter>Header Files</Filter>
    </ClInclude>
    <ClInclude Include="cmd.h">
      <Filter>Header Files</Filter>
    </ClInclude>
    <ClInclude Include="common.h">
      <Filter>Header Files</Filter>
    </ClInclude>
    <ClInclude Include="console.h">
      <Filter>Header Files</Filter>
    </ClInclude>
    <ClInclude Include="crc.h">
      <Filter>Header Files</Filter>
    </ClInclude>
    <ClInclude Include="cvar.h">
      <Filter>Header Files</Filter>
    </ClInclude>
    <ClInclude Include="d3d_model.h">
      <Filter>Header Files</Filter>
    </ClInclude>
    <ClInclude Include="d3d_quake.h">
      <Filter>Header Files</Filter>
    </ClInclude>
    <ClInclude Include="draw.h">
      <Filter>Header Files</Filter>
    </ClInclude>
    <ClInclude Include="dshow_mp3.h">
      <Filter>Header Files</Filter>
    </ClInclude>
    <ClInclude Include="global.h">
      <Filter>Header Files</Filter>
    </ClInclude>
    <ClInclude Include="heap.h">
      <Filter>Header Files</Filter>
    </ClInclude>
    <ClInclude Include="hud.h">
      <Filter>Header Files</Filter>
    </ClInclude>
    <ClInclude Include="hud_layout.h">
      <Filter>Header Files</Filter>
    </ClInclude>
    <ClInclude Include="input.h">
      <Filter>Header Files</Filter>
    </ClInclude>
    <ClInclude Include="iplog.h">
      <Filter>Header Files</Filter>
    </ClInclude>
    <ClInclude Include="iqm.h">
      <Filter>Header Files</Filter>
    </ClInclude>
    <ClInclude Include="keys.h">
      <Filter>Header Files</Filter>
    </ClInclude>
    <ClInclude Include="location.h">
      <Filter>Header Files</Filter>
    </ClInclude>
    <ClInclude Include="mathlib.h">
      <Filter>Header Files</Filter>
    </ClInclude>
    <ClInclude Include="md5.h">
      <Filter>Header Files</Filter>
    </ClInclude>
    <ClInclude Include="menu_common.h">
      <Filter>Header Files</Filter>
    </ClInclude>
    <ClInclude Include="modelgen.h">
      <Filter>Header Files</Filter>
    </ClInclude>
    <ClInclude Include="net.h">
      <Filter>Header Files</Filter>
    </ClInclude>
    <ClInclude Include="particles.h">
      <Filter>Header Files</Filter>
    </ClInclude>
    <ClInclude Include="pr_class.h">
      <Filter>Header Files</Filter>
    </ClInclude>
    <ClInclude Include="pr_comp.h">
      <Filter>Header Files</Filter>
    </ClInclude>
    <ClInclude Include="progdefs.h">
      <Filter>Header Files</Filter>
    </ClInclude>
    <ClInclude Include="progs.h">
      <Filter>Header Files</Filter>
    </ClInclude>
    <ClInclude Include="protocol.h">
      <Filter>Header Files</Filter>
    </ClInclude>
    <ClInclude Include="quakedef.h">
      <Filter>Header Files</Filter>
    </ClInclude>
    <ClInclude Include="render.h">
      <Filter>Header Files</Filter>
    </ClInclude>
    <ClInclude Include="resource.h">
      <Filter>Header Files</Filter>
    </ClInclude>
    <ClInclude Include="screen.h">
      <Filter>Header Files</Filter>
    </ClInclude>
    <ClInclude Include="server.h">
      <Filter>Header Files</Filter>
    </ClInclude>
    <ClInclude Include="sound.h">
      <Filter>Header Files</Filter>
    </ClInclude>
    <ClInclude Include="spritegn.h">
      <Filter>Header Files</Filter>
    </ClInclude>
    <ClInclude Include="sys.h">
      <Filter>Header Files</Filter>
    </ClInclude>
    <ClInclude Include="unzip.h">
      <Filter>Header Files</Filter>
    </ClInclude>
    <ClInclude Include="versions.h">
      <Filter>Header Files</Filter>
    </ClInclude>
    <ClInclude Include="vid.h">
      <Filter>Header Files</Filter>
    </ClInclude>
    <ClInclude Include="view.h">
      <Filter>Header Files</Filter>
    </ClInclude>
    <ClInclude Include="wad.h">
      <Filter>Header Files</Filter>
    </ClInclude>
    <ClInclude Include="webdownload.h">
      <Filter>Header Files</Filter>
    </ClInclude>
    <ClInclude Include="winquake.h">
      <Filter>Header Files</Filter>
    </ClInclude>
    <ClInclude Include="world.h">
      <Filter>Header Files</Filter>
    </ClInclude>
  </ItemGroup>
  <ItemGroup>
    <Image Include="CrosshairFont.png">
      <Filter>Resource Files</Filter>
    </Image>
    <Image Include="dq.ico">
      <Filter>Resource Files</Filter>
    </Image>
    <Image Include="dqlogoint.bmp">
      <Filter>Resource Files</Filter>
    </Image>
  </ItemGroup>
  <ItemGroup>
    <ResourceCompile Include="DirectQ.rc">
      <Filter>Resource Files</Filter>
    </ResourceCompile>
  </ItemGroup>
  <ItemGroup>
    <FxCompile Include="fxAlias.fx">
      <Filter>Shaders</Filter>
    </FxCompile>
    <FxCompile Include="fxBrush.fx">
      <Filter>Shaders</Filter>
    </FxCompile>
    <FxCompile Include="fxDraw.fx">
      <Filter>Shaders</Filter>
    </FxCompile>
    <FxCompile Include="fxParticles.fx">
      <Filter>Shaders</Filter>
    </FxCompile>
    <FxCompile Include="fxRTTEffects.fx">
      <Filter>Shaders</Filter>
    </FxCompile>
    <FxCompile Include="fxSprite.fx">
      <Filter>Shaders</Filter>
    </FxCompile>
  </ItemGroup>
</Project>